
Microsoft Visual Studio Solution File, Format Version 12.00
# Visual Studio Version 16
VisualStudioVersion = 16.0.31729.503
MinimumVisualStudioVersion = 10.0.40219.1
Project("{FAE04EC0-301F-11D3-BF4B-00C04F79EFBC}") = "7", "7\7.csproj", "{BF70F339-0161-4A7B-8006-76D2798A5C64}"
EndProject
Global
	GlobalSection(SolutionConfigurationPlatforms) = preSolution
		Debug|Any CPU = Debug|Any CPU
		Release|Any CPU = Release|Any CPU
	EndGlobalSection
	GlobalSection(ProjectConfigurationPlatforms) = postSolution
		{BF70F339-0161-4A7B-8006-76D2798A5C64}.Debug|Any CPU.ActiveCfg = Debug|Any CPU
		{BF70F339-0161-4A7B-8006-76D2798A5C64}.Debug|Any CPU.Build.0 = Debug|Any CPU
		{BF70F339-0161-4A7B-8006-76D2798A5C64}.Release|Any CPU.ActiveCfg = Release|Any CPU
		{BF70F339-0161-4A7B-8006-76D2798A5C64}.Release|Any CPU.Build.0 = Release|Any CPU
	EndGlobalSection
	GlobalSection(SolutionProperties) = preSolution
		HideSolutionNode = FALSE
	EndGlobalSection
	GlobalSection(ExtensibilityGlobals) = postSolution
		SolutionGuid = {C74D9751-8ABF-4B0D-B337-889C1DD33C8D}
	EndGlobalSection
EndGlobal
